
Microsoft Visual Studio Solution File, Format Version 12.00
# Visual Studio Version 17
VisualStudioVersion = 17.12.35707.178
MinimumVisualStudioVersion = 10.0.40219.1
Project("{FAE04EC0-301F-11D3-BF4B-00C04F79EFBC}") = "CodingFactory7", "CodingFactory7\CodingFactory7.csproj", "{344B869E-920A-4270-88FF-F88905A99932}"
EndProject
Project("{FAE04EC0-301F-11D3-BF4B-00C04F79EFBC}") = "DataTypes", "DataTypes\DataTypes.csproj", "{377251E8-25FC-4984-88C5-7EC4ED923FE7}"
EndProject
Project("{FAE04EC0-301F-11D3-BF4B-00C04F79EFBC}") = "OutputApp", "OutputApp\OutputApp.csproj", "{8ED3671C-46E7-4B75-8E5F-3C1111423A75}"
EndProject
Project("{FAE04EC0-301F-11D3-BF4B-00C04F79EFBC}") = "ReadApp", "ReadApp\ReadApp.csproj", "{7EE274FC-B987-41E6-81B9-C82CD0E0E110}"
EndProject
Project("{FAE04EC0-301F-11D3-BF4B-00C04F79EFBC}") = "ArgsApp", "ArgsApp\ArgsApp.csproj", "{68EC30B0-C592-4738-854B-B087C0773F60}"
EndProject
Global
	GlobalSection(SolutionConfigurationPlatforms) = preSolution
		Debug|Any CPU = Debug|Any CPU
		Release|Any CPU = Release|Any CPU
	EndGlobalSection
	GlobalSection(ProjectConfigurationPlatforms) = postSolution
		{344B869E-920A-4270-88FF-F88905A99932}.Debug|Any CPU.ActiveCfg = Debug|Any CPU
		{344B869E-920A-4270-88FF-F88905A99932}.Debug|Any CPU.Build.0 = Debug|Any CPU
		{344B869E-920A-4270-88FF-F88905A99932}.Release|Any CPU.ActiveCfg = Release|Any CPU
		{344B869E-920A-4270-88FF-F88905A99932}.Release|Any CPU.Build.0 = Release|Any CPU
		{377251E8-25FC-4984-88C5-7EC4ED923FE7}.Debug|Any CPU.ActiveCfg = Debug|Any CPU
		{377251E8-25FC-4984-88C5-7EC4ED923FE7}.Debug|Any CPU.Build.0 = Debug|Any CPU
		{377251E8-25FC-4984-88C5-7EC4ED923FE7}.Release|Any CPU.ActiveCfg = Release|Any CPU
		{377251E8-25FC-4984-88C5-7EC4ED923FE7}.Release|Any CPU.Build.0 = Release|Any CPU
		{8ED3671C-46E7-4B75-8E5F-3C1111423A75}.Debug|Any CPU.ActiveCfg = Debug|Any CPU
		{8ED3671C-46E7-4B75-8E5F-3C1111423A75}.Debug|Any CPU.Build.0 = Debug|Any CPU
		{8ED3671C-46E7-4B75-8E5F-3C1111423A75}.Release|Any CPU.ActiveCfg = Release|Any CPU
		{8ED3671C-46E7-4B75-8E5F-3C1111423A75}.Release|Any CPU.Build.0 = Release|Any CPU
		{7EE274FC-B987-41E6-81B9-C82CD0E0E110}.Debug|Any CPU.ActiveCfg = Debug|Any CPU
		{7EE274FC-B987-41E6-81B9-C82CD0E0E110}.Debug|Any CPU.Build.0 = Debug|Any CPU
		{7EE274FC-B987-41E6-81B9-C82CD0E0E110}.Release|Any CPU.ActiveCfg = Release|Any CPU
		{7EE274FC-B987-41E6-81B9-C82CD0E0E110}.Release|Any CPU.Build.0 = Release|Any CPU
		{68EC30B0-C592-4738-854B-B087C0773F60}.Debug|Any CPU.ActiveCfg = Debug|Any CPU
		{68EC30B0-C592-4738-854B-B087C0773F60}.Debug|Any CPU.Build.0 = Debug|Any CPU
		{68EC30B0-C592-4738-854B-B087C0773F60}.Release|Any CPU.ActiveCfg = Release|Any CPU
		{68EC30B0-C592-4738-854B-B087C0773F60}.Release|Any CPU.Build.0 = Release|Any CPU
	EndGlobalSection
	GlobalSection(SolutionProperties) = preSolution
		HideSolutionNode = FALSE
	EndGlobalSection
EndGlobal
